
Microsoft Visual Studio Solution File, Format Version 12.00
# Visual Studio Version 17
VisualStudioVersion = 17.8.34511.84
MinimumVisualStudioVersion = 10.0.40219.1
Project("{FAE04EC0-301F-11D3-BF4B-00C04F79EFBC}") = "Lab7 linked list part 4", "Lab7 linked list part 4.csproj", "{92A02FC7-B956-4FD3-BA6A-BA4CD8F33CF9}"
EndProject
Global
	GlobalSection(SolutionConfigurationPlatforms) = preSolution
		Debug|Any CPU = Debug|Any CPU
		Release|Any CPU = Release|Any CPU
	EndGlobalSection
	GlobalSection(ProjectConfigurationPlatforms) = postSolution
		{92A02FC7-B956-4FD3-BA6A-BA4CD8F33CF9}.Debug|Any CPU.ActiveCfg = Debug|Any CPU
		{92A02FC7-B956-4FD3-BA6A-BA4CD8F33CF9}.Debug|Any CPU.Build.0 = Debug|Any CPU
		{92A02FC7-B956-4FD3-BA6A-BA4CD8F33CF9}.Release|Any CPU.ActiveCfg = Release|Any CPU
		{92A02FC7-B956-4FD3-BA6A-BA4CD8F33CF9}.Release|Any CPU.Build.0 = Release|Any CPU
	EndGlobalSection
	GlobalSection(SolutionProperties) = preSolution
		HideSolutionNode = FALSE
	EndGlobalSection
	GlobalSection(ExtensibilityGlobals) = postSolution
		SolutionGuid = {2C1D5D79-EDC6-4438-99C4-995364C01E16}
	EndGlobalSection
EndGlobal
